
Microsoft Visual Studio Solution File, Format Version 12.00
# Visual Studio Version 16
VisualStudioVersion = 16.0.29709.97
MinimumVisualStudioVersion = 10.0.40219.1
Project("{FAE04EC0-301F-11D3-BF4B-00C04F79EFBC}") = "GeoForm", "GeoForm\GeoForm.csproj", "{2899A7C2-FA97-406B-8D46-94A4A97D2A77}"
EndProject
Global
	GlobalSection(SolutionConfigurationPlatforms) = preSolution
		Debug|Any CPU = Debug|Any CPU
		Release|Any CPU = Release|Any CPU
	EndGlobalSection
	GlobalSection(ProjectConfigurationPlatforms) = postSolution
		{2899A7C2-FA97-406B-8D46-94A4A97D2A77}.Debug|Any CPU.ActiveCfg = Debug|Any CPU
		{2899A7C2-FA97-406B-8D46-94A4A97D2A77}.Debug|Any CPU.Build.0 = Debug|Any CPU
		{2899A7C2-FA97-406B-8D46-94A4A97D2A77}.Release|Any CPU.ActiveCfg = Release|Any CPU
		{2899A7C2-FA97-406B-8D46-94A4A97D2A77}.Release|Any CPU.Build.0 = Release|Any CPU
	EndGlobalSection
	GlobalSection(SolutionProperties) = preSolution
		HideSolutionNode = FALSE
	EndGlobalSection
	GlobalSection(ExtensibilityGlobals) = postSolution
		SolutionGuid = {3219B1E6-D6E7-45C7-BF1B-797672FCC617}
	EndGlobalSection
EndGlobal
